
Microsoft Visual Studio Solution File, Format Version 12.00
# Visual Studio Version 16
VisualStudioVersion = 16.0.31624.102
MinimumVisualStudioVersion = 10.0.40219.1
Project("{FAE04EC0-301F-11D3-BF4B-00C04F79EFBC}") = "FitSecretApp1.UWP", "FitSecretApp1.UWP\FitSecretApp1.UWP.csproj", "{ED4C161C-304A-4CC0-A01B-0E846AB8ED14}"
EndProject
Project("{FAE04EC0-301F-11D3-BF4B-00C04F79EFBC}") = "FitSecretApp1.Android", "FitSecretApp1.Android\FitSecretApp1.Android.csproj", "{66984DEB-708A-462C-9E2D-87F49F4B4854}"
EndProject
Project("{FAE04EC0-301F-11D3-BF4B-00C04F79EFBC}") = "FitSecretApp1.iOS", "FitSecretApp1.iOS\FitSecretApp1.iOS.csproj", "{F319CD73-7388-4171-9BE6-43115F1EBB92}"
EndProject
Project("{9A19103F-16F7-4668-BE54-9A1E7A4F7556}") = "FitSecretApp1", "FitSecretApp1\FitSecretApp1.csproj", "{17425BB1-31A4-4004-ADF4-2A52ED4FD6F8}"
EndProject
Global
	GlobalSection(SolutionConfigurationPlatforms) = preSolution
		Debug|Any CPU = Debug|Any CPU
		Debug|ARM = Debug|ARM
		Debug|iPhone = Debug|iPhone
		Debug|iPhoneSimulator = Debug|iPhoneSimulator
		Debug|x64 = Debug|x64
		Debug|x86 = Debug|x86
		Release|Any CPU = Release|Any CPU
		Release|ARM = Release|ARM
		Release|iPhone = Release|iPhone
		Release|iPhoneSimulator = Release|iPhoneSimulator
		Release|x64 = Release|x64
		Release|x86 = Release|x86
	EndGlobalSection
	GlobalSection(ProjectConfigurationPlatforms) = postSolution
		{ED4C161C-304A-4CC0-A01B-0E846AB8ED14}.Debug|Any CPU.ActiveCfg = Debug|x86
		{ED4C161C-304A-4CC0-A01B-0E846AB8ED14}.Debug|Any CPU.Build.0 = Debug|x86
		{ED4C161C-304A-4CC0-A01B-0E846AB8ED14}.Debug|Any CPU.Deploy.0 = Debug|x86
		{ED4C161C-304A-4CC0-A01B-0E846AB8ED14}.Debug|ARM.ActiveCfg = Debug|ARM
		{ED4C161C-304A-4CC0-A01B-0E846AB8ED14}.Debug|ARM.Build.0 = Debug|ARM
		{ED4C161C-304A-4CC0-A01B-0E846AB8ED14}.Debug|ARM.Deploy.0 = Debug|ARM
		{ED4C161C-304A-4CC0-A01B-0E846AB8ED14}.Debug|iPhone.ActiveCfg = Debug|x86
		{ED4C161C-304A-4CC0-A01B-0E846AB8ED14}.Debug|iPhone.Build.0 = Debug|x86
		{ED4C161C-304A-4CC0-A01B-0E846AB8ED14}.Debug|iPhone.Deploy.0 = Debug|x86
		{ED4C161C-304A-4CC0-A01B-0E846AB8ED14}.Debug|iPhoneSimulator.ActiveCfg = Debug|x86
		{ED4C161C-304A-4CC0-A01B-0E846AB8ED14}.Debug|iPhoneSimulator.Build.0 = Debug|x86
		{ED4C161C-304A-4CC0-A01B-0E846AB8ED14}.Debug|iPhoneSimulator.Deploy.0 = Debug|x86
		{ED4C161C-304A-4CC0-A01B-0E846AB8ED14}.Debug|x64.ActiveCfg = Debug|x64
		{ED4C161C-304A-4CC0-A01B-0E846AB8ED14}.Debug|x64.Build.0 = Debug|x64
		{ED4C161C-304A-4CC0-A01B-0E846AB8ED14}.Debug|x64.Deploy.0 = Debug|x64
		{ED4C161C-304A-4CC0-A01B-0E846AB8ED14}.Debug|x86.ActiveCfg = Debug|x86
		{ED4C161C-304A-4CC0-A01B-0E846AB8ED14}.Debug|x86.Build.0 = Debug|x86
		{ED4C161C-304A-4CC0-A01B-0E846AB8ED14}.Debug|x86.Deploy.0 = Debug|x86
		{ED4C161C-304A-4CC0-A01B-0E846AB8ED14}.Release|Any CPU.ActiveCfg = Release|x86
		{ED4C161C-304A-4CC0-A01B-0E846AB8ED14}.Release|Any CPU.Build.0 = Release|x86
		{ED4C161C-304A-4CC0-A01B-0E846AB8ED14}.Release|Any CPU.Deploy.0 = Release|x86
		{ED4C161C-304A-4CC0-A01B-0E846AB8ED14}.Release|ARM.ActiveCfg = Release|ARM
		{ED4C161C-304A-4CC0-A01B-0E846AB8ED14}.Release|ARM.Build.0 = Release|ARM
		{ED4C161C-304A-4CC0-A01B-0E846AB8ED14}.Release|ARM.Deploy.0 = Release|ARM
		{ED4C161C-304A-4CC0-A01B-0E846AB8ED14}.Release|iPhone.ActiveCfg = Release|x86
		{ED4C161C-304A-4CC0-A01B-0E846AB8ED14}.Release|iPhone.Build.0 = Release|x86
		{ED4C161C-304A-4CC0-A01B-0E846AB8ED14}.Release|iPhone.Deploy.0 = Release|x86
		{ED4C161C-304A-4CC0-A01B-0E846AB8ED14}.Release|iPhoneSimulator.ActiveCfg = Release|x86
		{ED4C161C-304A-4CC0-A01B-0E846AB8ED14}.Release|iPhoneSimulator.Build.0 = Release|x86
		{ED4C161C-304A-4CC0-A01B-0E846AB8ED14}.Release|iPhoneSimulator.Deploy.0 = Release|x86
		{ED4C161C-304A-4CC0-A01B-0E846AB8ED14}.Release|x64.ActiveCfg = Release|x64
		{ED4C161C-304A-4CC0-A01B-0E846AB8ED14}.Release|x64.Build.0 = Release|x64
		{ED4C161C-304A-4CC0-A01B-0E846AB8ED14}.Release|x64.Deploy.0 = Release|x64
		{ED4C161C-304A-4CC0-A01B-0E846AB8ED14}.Release|x86.ActiveCfg = Release|x86
		{ED4C161C-304A-4CC0-A01B-0E846AB8ED14}.Release|x86.Build.0 = Release|x86
		{ED4C161C-304A-4CC0-A01B-0E846AB8ED14}.Release|x86.Deploy.0 = Release|x86
		{66984DEB-708A-462C-9E2D-87F49F4B4854}.Debug|Any CPU.ActiveCfg = Debug|Any CPU
		{66984DEB-708A-462C-9E2D-87F49F4B4854}.Debug|Any CPU.Build.0 = Debug|Any CPU
		{66984DEB-708A-462C-9E2D-87F49F4B4854}.Debug|Any CPU.Deploy.0 = Debug|Any CPU
		{66984DEB-708A-462C-9E2D-87F49F4B4854}.Debug|ARM.ActiveCfg = Debug|Any CPU
		{66984DEB-708A-462C-9E2D-87F49F4B4854}.Debug|ARM.Build.0 = Debug|Any CPU
		{66984DEB-708A-462C-9E2D-87F49F4B4854}.Debug|ARM.Deploy.0 = Debug|Any CPU
		{66984DEB-708A-462C-9E2D-87F49F4B4854}.Debug|iPhone.ActiveCfg = Debug|Any CPU
		{66984DEB-708A-462C-9E2D-87F49F4B4854}.Debug|iPhone.Build.0 = Debug|Any CPU
		{66984DEB-708A-462C-9E2D-87F49F4B4854}.Debug|iPhone.Deploy.0 = Debug|Any CPU
		{66984DEB-708A-462C-9E2D-87F49F4B4854}.Debug|iPhoneSimulator.ActiveCfg = Debug|Any CPU
		{66984DEB-708A-462C-9E2D-87F49F4B4854}.Debug|iPhoneSimulator.Build.0 = Debug|Any CPU
		{66984DEB-708A-462C-9E2D-87F49F4B4854}.Debug|iPhoneSimulator.Deploy.0 = Debug|Any CPU
		{66984DEB-708A-462C-9E2D-87F49F4B4854}.Debug|x64.ActiveCfg = Debug|Any CPU
		{66984DEB-708A-462C-9E2D-87F49F4B4854}.Debug|x64.Build.0 = Debug|Any CPU
		{66984DEB-708A-462C-9E2D-87F49F4B4854}.Debug|x64.Deploy.0 = Debug|Any CPU
		{66984DEB-708A-462C-9E2D-87F49F4B4854}.Debug|x86.ActiveCfg = Debug|Any CPU
		{66984DEB-708A-462C-9E2D-87F49F4B4854}.Debug|x86.Build.0 = Debug|Any CPU
		{66984DEB-708A-462C-9E2D-87F49F4B4854}.Debug|x86.Deploy.0 = Debug|Any CPU
		{66984DEB-708A-462C-9E2D-87F49F4B4854}.Release|Any CPU.ActiveCfg = Release|Any CPU
		{66984DEB-708A-462C-9E2D-87F49F4B4854}.Release|Any CPU.Build.0 = Release|Any CPU
		{66984DEB-708A-462C-9E2D-87F49F4B4854}.Release|Any CPU.Deploy.0 = Release|Any CPU
		{66984DEB-708A-462C-9E2D-87F49F4B4854}.Release|ARM.ActiveCfg = Release|Any CPU
		{66984DEB-708A-462C-9E2D-87F49F4B4854}.Release|ARM.Build.0 = Release|Any CPU
		{66984DEB-708A-462C-9E2D-87F49F4B4854}.Release|ARM.Deploy.0 = Release|Any CPU
		{66984DEB-708A-462C-9E2D-87F49F4B4854}.Release|iPhone.ActiveCfg = Release|Any CPU
		{66984DEB-708A-462C-9E2D-87F49F4B4854}.Release|iPhone.Build.0 = Release|Any CPU
		{66984DEB-708A-462C-9E2D-87F49F4B4854}.Release|iPhone.Deploy.0 = Release|Any CPU
		{66984DEB-708A-462C-9E2D-87F49F4B4854}.Release|iPhoneSimulator.ActiveCfg = Release|Any CPU
		{66984DEB-708A-462C-9E2D-87F49F4B4854}.Release|iPhoneSimulator.Build.0 = Release|Any CPU
		{66984DEB-708A-462C-9E2D-87F49F4B4854}.Release|iPhoneSimulator.Deploy.0 = Release|Any CPU
		{66984DEB-708A-462C-9E2D-87F49F4B4854}.Release|x64.ActiveCfg = Release|Any CPU
		{66984DEB-708A-462C-9E2D-87F49F4B4854}.Release|x64.Build.0 = Release|Any CPU
		{66984DEB-708A-462C-9E2D-87F49F4B4854}.Release|x64.Deploy.0 = Release|Any CPU
		{66984DEB-708A-462C-9E2D-87F49F4B4854}.Release|x86.ActiveCfg = Release|Any CPU
		{66984DEB-708A-462C-9E2D-87F49F4B4854}.Release|x86.Build.0 = Release|Any CPU
		{66984DEB-708A-462C-9E2D-87F49F4B4854}.Release|x86.Deploy.0 = Release|Any CPU
		{F319CD73-7388-4171-9BE6-43115F1EBB92}.Debug|Any CPU.ActiveCfg = Debug|iPhoneSimulator
		{F319CD73-7388-4171-9BE6-43115F1EBB92}.Debug|Any CPU.Build.0 = Debug|iPhoneSimulator
		{F319CD73-7388-4171-9BE6-43115F1EBB92}.Debug|Any CPU.Deploy.0 = Debug|iPhoneSimulator
		{F319CD73-7388-4171-9BE6-43115F1EBB92}.Debug|ARM.ActiveCfg = Debug|iPhone
		{F319CD73-7388-4171-9BE6-43115F1EBB92}.Debug|ARM.Build.0 = Debug|iPhone
		{F319CD73-7388-4171-9BE6-43115F1EBB92}.Debug|ARM.Deploy.0 = Debug|iPhone
		{F319CD73-7388-4171-9BE6-43115F1EBB92}.Debug|iPhone.ActiveCfg = Debug|iPhone
		{F319CD73-7388-4171-9BE6-43115F1EBB92}.Debug|iPhone.Build.0 = Debug|iPhone
		{F319CD73-7388-4171-9BE6-43115F1EBB92}.Debug|iPhone.Deploy.0 = Debug|iPhone
		{F319CD73-7388-4171-9BE6-43115F1EBB92}.Debug|iPhoneSimulator.ActiveCfg = Debug|iPhoneSimulator
		{F319CD73-7388-4171-9BE6-43115F1EBB92}.Debug|iPhoneSimulator.Build.0 = Debug|iPhoneSimulator
		{F319CD73-7388-4171-9BE6-43115F1EBB92}.Debug|iPhoneSimulator.Deploy.0 = Debug|iPhoneSimulator
		{F319CD73-7388-4171-9BE6-43115F1EBB92}.Debug|x64.ActiveCfg = Debug|iPhoneSimulator
		{F319CD73-7388-4171-9BE6-43115F1EBB92}.Debug|x64.Build.0 = Debug|iPhoneSimulator
		{F319CD73-7388-4171-9BE6-43115F1EBB92}.Debug|x64.Deploy.0 = Debug|iPhoneSimulator
		{F319CD73-7388-4171-9BE6-43115F1EBB92}.Debug|x86.ActiveCfg = Debug|iPhoneSimulator
		{F319CD73-7388-4171-9BE6-43115F1EBB92}.Debug|x86.Build.0 = Debug|iPhoneSimulator
		{F319CD73-7388-4171-9BE6-43115F1EBB92}.Debug|x86.Deploy.0 = Debug|iPhoneSimulator
		{F319CD73-7388-4171-9BE6-43115F1EBB92}.Release|Any CPU.ActiveCfg = Release|iPhoneSimulator
		{F319CD73-7388-4171-9BE6-43115F1EBB92}.Release|Any CPU.Build.0 = Release|iPhoneSimulator
		{F319CD73-7388-4171-9BE6-43115F1EBB92}.Release|Any CPU.Deploy.0 = Release|iPhoneSimulator
		{F319CD73-7388-4171-9BE6-43115F1EBB92}.Release|ARM.ActiveCfg = Release|iPhoneSimulator
		{F319CD73-7388-4171-9BE6-43115F1EBB92}.Release|ARM.Build.0 = Release|iPhoneSimulator
		{F319CD73-7388-4171-9BE6-43115F1EBB92}.Release|ARM.Deploy.0 = Release|iPhoneSimulator
		{F319CD73-7388-4171-9BE6-43115F1EBB92}.Release|iPhone.ActiveCfg = Release|iPhone
		{F319CD73-7388-4171-9BE6-43115F1EBB92}.Release|iPhone.Build.0 = Release|iPhone
		{F319CD73-7388-4171-9BE6-43115F1EBB92}.Release|iPhone.Deploy.0 = Release|iPhone
		{F319CD73-7388-4171-9BE6-43115F1EBB92}.Release|iPhoneSimulator.ActiveCfg = Release|iPhoneSimulator
		{F319CD73-7388-4171-9BE6-43115F1EBB92}.Release|iPhoneSimulator.Build.0 = Release|iPhoneSimulator
		{F319CD73-7388-4171-9BE6-43115F1EBB92}.Release|iPhoneSimulator.Deploy.0 = Release|iPhoneSimulator
		{F319CD73-7388-4171-9BE6-43115F1EBB92}.Release|x64.ActiveCfg = Release|iPhoneSimulator
		{F319CD73-7388-4171-9BE6-43115F1EBB92}.Release|x64.Build.0 = Release|iPhoneSimulator
		{F319CD73-7388-4171-9BE6-43115F1EBB92}.Release|x64.Deploy.0 = Release|iPhoneSimulator
		{F319CD73-7388-4171-9BE6-43115F1EBB92}.Release|x86.ActiveCfg = Release|iPhoneSimulator
		{F319CD73-7388-4171-9BE6-43115F1EBB92}.Release|x86.Build.0 = Release|iPhoneSimulator
		{F319CD73-7388-4171-9BE6-43115F1EBB92}.Release|x86.Deploy.0 = Release|iPhoneSimulator
		{17425BB1-31A4-4004-ADF4-2A52ED4FD6F8}.Debug|Any CPU.ActiveCfg = Debug|Any CPU
		{17425BB1-31A4-4004-ADF4-2A52ED4FD6F8}.Debug|Any CPU.Build.0 = Debug|Any CPU
		{17425BB1-31A4-4004-ADF4-2A52ED4FD6F8}.Debug|Any CPU.Deploy.0 = Debug|Any CPU
		{17425BB1-31A4-4004-ADF4-2A52ED4FD6F8}.Debug|ARM.ActiveCfg = Debug|Any CPU
		{17425BB1-31A4-4004-ADF4-2A52ED4FD6F8}.Debug|ARM.Build.0 = Debug|Any CPU
		{17425BB1-31A4-4004-ADF4-2A52ED4FD6F8}.Debug|ARM.Deploy.0 = Debug|Any CPU
		{17425BB1-31A4-4004-ADF4-2A52ED4FD6F8}.Debug|iPhone.ActiveCfg = Debug|Any CPU
		{17425BB1-31A4-4004-ADF4-2A52ED4FD6F8}.Debug|iPhone.Build.0 = Debug|Any CPU
		{17425BB1-31A4-4004-ADF4-2A52ED4FD6F8}.Debug|iPhone.Deploy.0 = Debug|Any CPU
		{17425BB1-31A4-4004-ADF4-2A52ED4FD6F8}.Debug|iPhoneSimulator.ActiveCfg = Debug|Any CPU
		{17425BB1-31A4-4004-ADF4-2A52ED4FD6F8}.Debug|iPhoneSimulator.Build.0 = Debug|Any CPU
		{17425BB1-31A4-4004-ADF4-2A52ED4FD6F8}.Debug|iPhoneSimulator.Deploy.0 = Debug|Any CPU
		{17425BB1-31A4-4004-ADF4-2A52ED4FD6F8}.Debug|x64.ActiveCfg = Debug|Any CPU
		{17425BB1-31A4-4004-ADF4-2A52ED4FD6F8}.Debug|x64.Build.0 = Debug|Any CPU
		{17425BB1-31A4-4004-ADF4-2A52ED4FD6F8}.Debug|x64.Deploy.0 = Debug|Any CPU
		{17425BB1-31A4-4004-ADF4-2A52ED4FD6F8}.Debug|x86.ActiveCfg = Debug|Any CPU
		{17425BB1-31A4-4004-ADF4-2A52ED4FD6F8}.Debug|x86.Build.0 = Debug|Any CPU
		{17425BB1-31A4-4004-ADF4-2A52ED4FD6F8}.Debug|x86.Deploy.0 = Debug|Any CPU
		{17425BB1-31A4-4004-ADF4-2A52ED4FD6F8}.Release|Any CPU.ActiveCfg = Release|Any CPU
		{17425BB1-31A4-4004-ADF4-2A52ED4FD6F8}.Release|Any CPU.Build.0 = Release|Any CPU
		{17425BB1-31A4-4004-ADF4-2A52ED4FD6F8}.Release|Any CPU.Deploy.0 = Release|Any CPU
		{17425BB1-31A4-4004-ADF4-2A52ED4FD6F8}.Release|ARM.ActiveCfg = Release|Any CPU
		{17425BB1-31A4-4004-ADF4-2A52ED4FD6F8}.Release|ARM.Build.0 = Release|Any CPU
		{17425BB1-31A4-4004-ADF4-2A52ED4FD6F8}.Release|ARM.Deploy.0 = Release|Any CPU
		{17425BB1-31A4-4004-ADF4-2A52ED4FD6F8}.Release|iPhone.ActiveCfg = Release|Any CPU
		{17425BB1-31A4-4004-ADF4-2A52ED4FD6F8}.Release|iPhone.Build.0 = Release|Any CPU
		{17425BB1-31A4-4004-ADF4-2A52ED4FD6F8}.Release|iPhone.Deploy.0 = Release|Any CPU
		{17425BB1-31A4-4004-ADF4-2A52ED4FD6F8}.Release|iPhoneSimulator.ActiveCfg = Release|Any CPU
		{17425BB1-31A4-4004-ADF4-2A52ED4FD6F8}.Release|iPhoneSimulator.Build.0 = Release|Any CPU
		{17425BB1-31A4-4004-ADF4-2A52ED4FD6F8}.Release|iPhoneSimulator.Deploy.0 = Release|Any CPU
		{17425BB1-31A4-4004-ADF4-2A52ED4FD6F8}.Release|x64.ActiveCfg = Release|Any CPU
		{17425BB1-31A4-4004-ADF4-2A52ED4FD6F8}.Release|x64.Build.0 = Release|Any CPU
		{17425BB1-31A4-4004-ADF4-2A52ED4FD6F8}.Release|x64.Deploy.0 = Release|Any CPU
		{17425BB1-31A4-4004-ADF4-2A52ED4FD6F8}.Release|x86.ActiveCfg = Release|Any CPU
		{17425BB1-31A4-4004-ADF4-2A52ED4FD6F8}.Release|x86.Build.0 = Release|Any CPU
		{17425BB1-31A4-4004-ADF4-2A52ED4FD6F8}.Release|x86.Deploy.0 = Release|Any CPU
	EndGlobalSection
	GlobalSection(SolutionProperties) = preSolution
		HideSolutionNode = FALSE
	EndGlobalSection
	GlobalSection(ExtensibilityGlobals) = postSolution
		SolutionGuid = {5352D2A4-7BE7-4833-8725-F0655E809A4E}
	EndGlobalSection
EndGlobal
